// !$*UTF8*$!
{
	archiveVersion = 1;
	classes = {
	};
	objectVersion = 55;
	objects = {

/* Begin PBXBuildFile section */
		B650D000289033CC00300C9A /* MoonshotApp.swift in Sources */ = {isa = PBXBuildFile; fileRef = B650CFFF289033CC00300C9A /* MoonshotApp.swift */; };
		B650D002289033CC00300C9A /* ContentView.swift in Sources */ = {isa = PBXBuildFile; fileRef = B650D001289033CC00300C9A /* ContentView.swift */; };
		B650D004289033CE00300C9A /* Assets.xcassets in Resources */ = {isa = PBXBuildFile; fileRef = B650D003289033CE00300C9A /* Assets.xcassets */; };
		B650D007289033CE00300C9A /* Preview Assets.xcassets in Resources */ = {isa = PBXBuildFile; fileRef = B650D006289033CE00300C9A /* Preview Assets.xcassets */; };
		B659B6052899A49D003CDDF2 /* astronauts.json in Resources */ = {isa = PBXBuildFile; fileRef = B659B6042899A49D003CDDF2 /* astronauts.json */; };
		B659B6072899A4B1003CDDF2 /* missions.json in Resources */ = {isa = PBXBuildFile; fileRef = B659B6062899A4B1003CDDF2 /* missions.json */; };
		B659B6092899A534003CDDF2 /* Astronaut.swift in Sources */ = {isa = PBXBuildFile; fileRef = B659B6082899A534003CDDF2 /* Astronaut.swift */; };
		B659B60B2899A58F003CDDF2 /* Bundle-Decodable.swift in Sources */ = {isa = PBXBuildFile; fileRef = B659B60A2899A58F003CDDF2 /* Bundle-Decodable.swift */; };
		B659B60D2899A74A003CDDF2 /* Mission.swift in Sources */ = {isa = PBXBuildFile; fileRef = B659B60C2899A74A003CDDF2 /* Mission.swift */; };
		B659B60F289C400C003CDDF2 /* Color-Theme.swift in Sources */ = {isa = PBXBuildFile; fileRef = B659B60E289C400C003CDDF2 /* Color-Theme.swift */; };
		B659B613289C7604003CDDF2 /* MissionView.swift in Sources */ = {isa = PBXBuildFile; fileRef = B659B612289C7604003CDDF2 /* MissionView.swift */; };
		B659B615289C7C56003CDDF2 /* AstronautView.swift in Sources */ = {isa = PBXBuildFile; fileRef = B659B614289C7C56003CDDF2 /* AstronautView.swift */; };
		B659B61728A14428003CDDF2 /* CrewScrollView.swift in Sources */ = {isa = PBXBuildFile; fileRef = B659B61628A14428003CDDF2 /* CrewScrollView.swift */; };
		B659B61928A14B25003CDDF2 /* HomeGridView.swift in Sources */ = {isa = PBXBuildFile; fileRef = B659B61828A14B25003CDDF2 /* HomeGridView.swift */; };
		B659B61B28A14B2F003CDDF2 /* HomeListView.swift in Sources */ = {isa = PBXBuildFile; fileRef = B659B61A28A14B2F003CDDF2 /* HomeListView.swift */; };
/* End PBXBuildFile section */

/* Begin PBXFileReference section */
		B650CFFC289033CC00300C9A /* Moonshot.app */ = {isa = PBXFileReference; explicitFileType = wrapper.application; includeInIndex = 0; path = Moonshot.app; sourceTree = BUILT_PRODUCTS_DIR; };
		B650CFFF289033CC00300C9A /* MoonshotApp.swift */ = {isa = PBXFileReference; lastKnownFileType = sourcecode.swift; path = MoonshotApp.swift; sourceTree = "<group>"; };
		B650D001289033CC00300C9A /* ContentView.swift */ = {isa = PBXFileReference; lastKnownFileType = sourcecode.swift; path = ContentView.swift; sourceTree = "<group>"; };
		B650D003289033CE00300C9A /* Assets.xcassets */ = {isa = PBXFileReference; lastKnownFileType = folder.assetcatalog; path = Assets.xcassets; sourceTree = "<group>"; };
		B650D006289033CE00300C9A /* Preview Assets.xcassets */ = {isa = PBXFileReference; lastKnownFileType = folder.assetcatalog; path = "Preview Assets.xcassets"; sourceTree = "<group>"; };
		B659B6042899A49D003CDDF2 /* astronauts.json */ = {isa = PBXFileReference; fileEncoding = 4; lastKnownFileType = text.json; path = astronauts.json; sourceTree = "<group>"; };
		B659B6062899A4B1003CDDF2 /* missions.json */ = {isa = PBXFileReference; fileEncoding = 4; lastKnownFileType = text.json; path = missions.json; sourceTree = "<group>"; };
		B659B6082899A534003CDDF2 /* Astronaut.swift */ = {isa = PBXFileReference; lastKnownFileType = sourcecode.swift; path = Astronaut.swift; sourceTree = "<group>"; };
		B659B60A2899A58F003CDDF2 /* Bundle-Decodable.swift */ = {isa = PBXFileReference; lastKnownFileType = sourcecode.swift; path = "Bundle-Decodable.swift"; sourceTree = "<group>"; };
		B659B60C2899A74A003CDDF2 /* Mission.swift */ = {isa = PBXFileReference; lastKnownFileType = sourcecode.swift; path = Mission.swift; sourceTree = "<group>"; };
		B659B60E289C400C003CDDF2 /* Color-Theme.swift */ = {isa = PBXFileReference; lastKnownFileType = sourcecode.swift; path = "Color-Theme.swift"; sourceTree = "<group>"; };
		B659B612289C7604003CDDF2 /* MissionView.swift */ = {isa = PBXFileReference; lastKnownFileType = sourcecode.swift; path = MissionView.swift; sourceTree = "<group>"; };
		B659B614289C7C56003CDDF2 /* AstronautView.swift */ = {isa = PBXFileReference; lastKnownFileType = sourcecode.swift; path = AstronautView.swift; sourceTree = "<group>"; };
		B659B61628A14428003CDDF2 /* CrewScrollView.swift */ = {isa = PBXFileReference; lastKnownFileType = sourcecode.swift; path = CrewScrollView.swift; sourceTree = "<group>"; };
		B659B61828A14B25003CDDF2 /* HomeGridView.swift */ = {isa = PBXFileReference; lastKnownFileType = sourcecode.swift; path = HomeGridView.swift; sourceTree = "<group>"; };
		B659B61A28A14B2F003CDDF2 /* HomeListView.swift */ = {isa = PBXFileReference; lastKnownFileType = sourcecode.swift; path = HomeListView.swift; sourceTree = "<group>"; };
/* End PBXFileReference section */

/* Begin PBXFrameworksBuildPhase section */
		B650CFF9289033CC00300C9A /* Frameworks */ = {
			isa = PBXFrameworksBuildPhase;
			buildActionMask = 2147483647;
			files = (
			);
			runOnlyForDeploymentPostprocessing = 0;
		};
/* End PBXFrameworksBuildPhase section */

/* Begin PBXGroup section */
		B650CFF3289033CC00300C9A = {
			isa = PBXGroup;
			children = (
				B650CFFE289033CC00300C9A /* Moonshot */,
				B650CFFD289033CC00300C9A /* Products */,
			);
			sourceTree = "<group>";
		};
		B650CFFD289033CC00300C9A /* Products */ = {
			isa = PBXGroup;
			children = (
				B650CFFC289033CC00300C9A /* Moonshot.app */,
			);
			name = Products;
			sourceTree = "<group>";
		};
		B650CFFE289033CC00300C9A /* Moonshot */ = {
			isa = PBXGroup;
			children = (
				B650CFFF289033CC00300C9A /* MoonshotApp.swift */,
				B650D001289033CC00300C9A /* ContentView.swift */,
				B659B61828A14B25003CDDF2 /* HomeGridView.swift */,
				B659B61A28A14B2F003CDDF2 /* HomeListView.swift */,
				B659B614289C7C56003CDDF2 /* AstronautView.swift */,
				B659B612289C7604003CDDF2 /* MissionView.swift */,
				B659B61628A14428003CDDF2 /* CrewScrollView.swift */,
				B659B60E289C400C003CDDF2 /* Color-Theme.swift */,
				B659B6042899A49D003CDDF2 /* astronauts.json */,
				B659B6082899A534003CDDF2 /* Astronaut.swift */,
				B659B60C2899A74A003CDDF2 /* Mission.swift */,
				B659B60A2899A58F003CDDF2 /* Bundle-Decodable.swift */,
				B659B6062899A4B1003CDDF2 /* missions.json */,
				B650D003289033CE00300C9A /* Assets.xcassets */,
				B650D005289033CE00300C9A /* Preview Content */,
			);
			path = Moonshot;
			sourceTree = "<group>";
		};
		B650D005289033CE00300C9A /* Preview Content */ = {
			isa = PBXGroup;
			children = (
				B650D006289033CE00300C9A /* Preview Assets.xcassets */,
			);
			path = "Preview Content";
			sourceTree = "<group>";
		};
/* End PBXGroup section */

/* Begin PBXNativeTarget section */
		B650CFFB289033CC00300C9A /* Moonshot */ = {
			isa = PBXNativeTarget;
			buildConfigurationList = B650D00A289033CE00300C9A /* Build configuration list for PBXNativeTarget "Moonshot" */;
			buildPhases = (
				B650CFF8289033CC00300C9A /* Sources */,
				B650CFF9289033CC00300C9A /* Frameworks */,
				B650CFFA289033CC00300C9A /* Resources */,
			);
			buildRules = (
			);
			dependencies = (
			);
			name = Moonshot;
			productName = Moonshot;
			productReference = B650CFFC289033CC00300C9A /* Moonshot.app */;
			productType = "com.apple.product-type.application";
		};
/* End PBXNativeTarget section */

/* Begin PBXProject section */
		B650CFF4289033CC00300C9A /* Project object */ = {
			isa = PBXProject;
			attributes = {
				BuildIndependentTargetsInParallel = 1;
				LastSwiftUpdateCheck = 1340;
				LastUpgradeCheck = 1340;
				TargetAttributes = {
					B650CFFB289033CC00300C9A = {
						CreatedOnToolsVersion = 13.4.1;
					};
				};
			};
			buildConfigurationList = B650CFF7289033CC00300C9A /* Build configuration list for PBXProject "Moonshot" */;
			compatibilityVersion = "Xcode 13.0";
			developmentRegion = en;
			hasScannedForEncodings = 0;
			knownRegions = (
				en,
				Base,
			);
			mainGroup = B650CFF3289033CC00300C9A;
			productRefGroup = B650CFFD289033CC00300C9A /* Products */;
			projectDirPath = "";
			projectRoot = "";
			targets = (
				B650CFFB289033CC00300C9A /* Moonshot */,
			);
		};
/* End PBXProject section */

/* Begin PBXResourcesBuildPhase section */
		B650CFFA289033CC00300C9A /* Resources */ = {
			isa = PBXResourcesBuildPhase;
			buildActionMask = 2147483647;
			files = (
				B659B6052899A49D003CDDF2 /* astronauts.json in Resources */,
				B650D007289033CE00300C9A /* Preview Assets.xcassets in Resources */,
				B659B6072899A4B1003CDDF2 /* missions.json in Resources */,
				B650D004289033CE00300C9A /* Assets.xcassets in Resources */,
			);
			runOnlyForDeploymentPostprocessing = 0;
		};
/* End PBXResourcesBuildPhase section */

/* Begin PBXSourcesBuildPhase section */
		B650CFF8289033CC00300C9A /* Sources */ = {
			isa = PBXSourcesBuildPhase;
			buildActionMask = 2147483647;
			files = (
				B659B613289C7604003CDDF2 /* MissionView.swift in Sources */,
				B659B61928A14B25003CDDF2 /* HomeGridView.swift in Sources */,
				B659B6092899A534003CDDF2 /* Astronaut.swift in Sources */,
				B659B615289C7C56003CDDF2 /* AstronautView.swift in Sources */,
				B659B60F289C400C003CDDF2 /* Color-Theme.swift in Sources */,
				B650D002289033CC00300C9A /* ContentView.swift in Sources */,
				B650D000289033CC00300C9A /* MoonshotApp.swift in Sources */,
				B659B61B28A14B2F003CDDF2 /* HomeListView.swift in Sources */,
				B659B61728A14428003CDDF2 /* CrewScrollView.swift in Sources */,
				B659B60D2899A74A003CDDF2 /* Mission.swift in Sources */,
				B659B60B2899A58F003CDDF2 /* Bundle-Decodable.swift in Sources */,
			);
			runOnlyForDeploymentPostprocessing = 0;
		};
/* End PBXSourcesBuildPhase section */

/* Begin XCBuildConfiguration section */
		B650D008289033CE00300C9A /* Debug */ = {
			isa = XCBuildConfiguration;
			buildSettings = {
				ALWAYS_SEARCH_USER_PATHS = NO;
				CLANG_ANALYZER_NONNULL = YES;
				CLANG_ANALYZER_NUMBER_OBJECT_CONVERSION = YES_AGGRESSIVE;
				CLANG_CXX_LANGUAGE_STANDARD = "gnu++17";
				CLANG_ENABLE_MODULES = YES;
				CLANG_ENABLE_OBJC_ARC = YES;
				CLANG_ENABLE_OBJC_WEAK = YES;
				CLANG_WARN_BLOCK_CAPTURE_AUTORELEASING = YES;
				CLANG_WARN_BOOL_CONVERSION = YES;
				CLANG_WARN_COMMA = YES;
				CLANG_WARN_CONSTANT_CONVERSION = YES;
				CLANG_WARN_DEPRECATED_OBJC_IMPLEMENTATIONS = YES;
				CLANG_WARN_DIRECT_OBJC_ISA_USAGE = YES_ERROR;
				CLANG_WARN_DOCUMENTATION_COMMENTS = YES;
				CLANG_WARN_EMPTY_BODY = YES;
				CLANG_WARN_ENUM_CONVERSION = YES;
				CLANG_WARN_INFINITE_RECURSION = YES;
				CLANG_WARN_INT_CONVERSION = YES;
				CLANG_WARN_NON_LITERAL_NULL_CONVERSION = YES;
				CLANG_WARN_OBJC_IMPLICIT_RETAIN_SELF = YES;
				CLANG_WARN_OBJC_LITERAL_CONVERSION = YES;
				CLANG_WARN_OBJC_ROOT_CLASS = YES_ERROR;
				CLANG_WARN_QUOTED_INCLUDE_IN_FRAMEWORK_HEADER = YES;
				CLANG_WARN_RANGE_LOOP_ANALYSIS = YES;
				CLANG_WARN_STRICT_PROTOTYPES = YES;
				CLANG_WARN_SUSPICIOUS_MOVE = YES;
				CLANG_WARN_UNGUARDED_AVAILABILITY = YES_AGGRESSIVE;
				CLANG_WARN_UNREACHABLE_CODE = YES;
				CLANG_WARN__DUPLICATE_METHOD_MATCH = YES;
				COPY_PHASE_STRIP = NO;
				DEBUG_INFORMATION_FORMAT = dwarf;
				ENABLE_STRICT_OBJC_MSGSEND = YES;
				ENABLE_TESTABILITY = YES;
				GCC_C_LANGUAGE_STANDARD = gnu11;
				GCC_DYNAMIC_NO_PIC = NO;
				GCC_NO_COMMON_BLOCKS = YES;
				GCC_OPTIMIZATION_LEVEL = 0;
				GCC_PREPROCESSOR_DEFINITIONS = (
					"DEBUG=1",
					"$(inherited)",
				);
				GCC_WARN_64_TO_32_BIT_CONVERSION = YES;
				GCC_WARN_ABOUT_RETURN_TYPE = YES_ERROR;
				GCC_WARN_UNDECLARED_SELECTOR = YES;
				GCC_WARN_UNINITIALIZED_AUTOS = YES_AGGRESSIVE;
				GCC_WARN_UNUSED_FUNCTION = YES;
				GCC_WARN_UNUSED_VARIABLE = YES;
				IPHONEOS_DEPLOYMENT_TARGET = 15.5;
				MTL_ENABLE_DEBUG_INFO = INCLUDE_SOURCE;
				MTL_FAST_MATH = YES;
				ONLY_ACTIVE_ARCH = YES;
				SDKROOT = iphoneos;
				SWIFT_ACTIVE_COMPILATION_CONDITIONS = DEBUG;
				SWIFT_OPTIMIZATION_LEVEL = "-Onone";
			};
			name = Debug;
		};
		B650D009289033CE00300C9A /* Release */ = {
			isa = XCBuildConfiguration;
			buildSettings = {
				ALWAYS_SEARCH_USER_PATHS = NO;
				CLANG_ANALYZER_NONNULL = YES;
				CLANG_ANALYZER_NUMBER_OBJECT_CONVERSION = YES_AGGRESSIVE;
				CLANG_CXX_LANGUAGE_STANDARD = "gnu++17";
				CLANG_ENABLE_MODULES = YES;
				CLANG_ENABLE_OBJC_ARC = YES;
				CLANG_ENABLE_OBJC_WEAK = YES;
				CLANG_WARN_BLOCK_CAPTURE_AUTORELEASING = YES;
				CLANG_WARN_BOOL_CONVERSION = YES;
				CLANG_WARN_COMMA = YES;
				CLANG_WARN_CONSTANT_CONVERSION = YES;
				CLANG_WARN_DEPRECATED_OBJC_IMPLEMENTATIONS = YES;
				CLANG_WARN_DIRECT_OBJC_ISA_USAGE = YES_ERROR;
				CLANG_WARN_DOCUMENTATION_COMMENTS = YES;
				CLANG_WARN_EMPTY_BODY = YES;
				CLANG_WARN_ENUM_CONVERSION = YES;
				CLANG_WARN_INFINITE_RECURSION = YES;
				CLANG_WARN_INT_CONVERSION = YES;
				CLANG_WARN_NON_LITERAL_NULL_CONVERSION = YES;
				CLANG_WARN_OBJC_IMPLICIT_RETAIN_SELF = YES;
				CLANG_WARN_OBJC_LITERAL_CONVERSION = YES;
				CLANG_WARN_OBJC_ROOT_CLASS = YES_ERROR;
				CLANG_WARN_QUOTED_INCLUDE_IN_FRAMEWORK_HEADER = YES;
				CLANG_WARN_RANGE_LOOP_ANALYSIS = YES;
				CLANG_WARN_STRICT_PROTOTYPES = YES;
				CLANG_WARN_SUSPICIOUS_MOVE = YES;
				CLANG_WARN_UNGUARDED_AVAILABILITY = YES_AGGRESSIVE;
				CLANG_WARN_UNREACHABLE_CODE = YES;
				CLANG_WARN__DUPLICATE_METHOD_MATCH = YES;
				COPY_PHASE_STRIP = NO;
				DEBUG_INFORMATION_FORMAT = "dwarf-with-dsym";
				ENABLE_NS_ASSERTIONS = NO;
				ENABLE_STRICT_OBJC_MSGSEND = YES;
				GCC_C_LANGUAGE_STANDARD = gnu11;
				GCC_NO_COMMON_BLOCKS = YES;
				GCC_WARN_64_TO_32_BIT_CONVERSION = YES;
				GCC_WARN_ABOUT_RETURN_TYPE = YES_ERROR;
				GCC_WARN_UNDECLARED_SELECTOR = YES;
				GCC_WARN_UNINITIALIZED_AUTOS = YES_AGGRESSIVE;
				GCC_WARN_UNUSED_FUNCTION = YES;
				GCC_WARN_UNUSED_VARIABLE = YES;
				IPHONEOS_DEPLOYMENT_TARGET = 15.5;
				MTL_ENABLE_DEBUG_INFO = NO;
				MTL_FAST_MATH = YES;
				SDKROOT = iphoneos;
				SWIFT_COMPILATION_MODE = wholemodule;
				SWIFT_OPTIMIZATION_LEVEL = "-O";
				VALIDATE_PRODUCT = YES;
			};
			name = Release;
		};
		B650D00B289033CE00300C9A /* Debug */ = {
			isa = XCBuildConfiguration;
			buildSettings = {
				ASSETCATALOG_COMPILER_APPICON_NAME = AppIcon;
				ASSETCATALOG_COMPILER_GLOBAL_ACCENT_COLOR_NAME = AccentColor;
				CODE_SIGN_STYLE = Automatic;
				CURRENT_PROJECT_VERSION = 1;
				DEVELOPMENT_ASSET_PATHS = "\"Moonshot/Preview Content\"";
				ENABLE_PREVIEWS = YES;
				GENERATE_INFOPLIST_FILE = YES;
				INFOPLIST_KEY_UIApplicationSceneManifest_Generation = YES;
				INFOPLIST_KEY_UIApplicationSupportsIndirectInputEvents = YES;
				INFOPLIST_KEY_UILaunchScreen_Generation = YES;
				INFOPLIST_KEY_UISupportedInterfaceOrientations_iPad = "UIInterfaceOrientationPortrait UIInterfaceOrientationPortraitUpsideDown UIInterfaceOrientationLandscapeLeft UIInterfaceOrientationLandscapeRight";
				INFOPLIST_KEY_UISupportedInterfaceOrientations_iPhone = "UIInterfaceOrientationPortrait UIInterfaceOrientationLandscapeLeft UIInterfaceOrientationLandscapeRight";
				LD_RUNPATH_SEARCH_PATHS = (
					"$(inherited)",
					"@executable_path/Frameworks",
				);
				MARKETING_VERSION = 1.0;
				PRODUCT_BUNDLE_IDENTIFIER = com.att.kramerjordan.Moonshot;
				PRODUCT_NAME = "$(TARGET_NAME)";
				SWIFT_EMIT_LOC_STRINGS = YES;
				SWIFT_VERSION = 5.0;
				TARGETED_DEVICE_FAMILY = "1,2";
			};
			name = Debug;
		};
		B650D00C289033CE00300C9A /* Release */ = {
			isa = XCBuildConfiguration;
			buildSettings = {
				ASSETCATALOG_COMPILER_APPICON_NAME = AppIcon;
				ASSETCATALOG_COMPILER_GLOBAL_ACCENT_COLOR_NAME = AccentColor;
				CODE_SIGN_STYLE = Automatic;
				CURRENT_PROJECT_VERSION = 1;
				DEVELOPMENT_ASSET_PATHS = "\"Moonshot/Preview Content\"";
				ENABLE_PREVIEWS = YES;
				GENERATE_INFOPLIST_FILE = YES;
				INFOPLIST_KEY_UIApplicationSceneManifest_Generation = YES;
				INFOPLIST_KEY_UIApplicationSupportsIndirectInputEvents = YES;
				INFOPLIST_KEY_UILaunchScreen_Generation = YES;
				INFOPLIST_KEY_UISupportedInterfaceOrientations_iPad = "UIInterfaceOrientationPortrait UIInterfaceOrientationPortraitUpsideDown UIInterfaceOrientationLandscapeLeft UIInterfaceOrientationLandscapeRight";
				INFOPLIST_KEY_UISupportedInterfaceOrientations_iPhone = "UIInterfaceOrientationPortrait UIInterfaceOrientationLandscapeLeft UIInterfaceOrientationLandscapeRight";
				LD_RUNPATH_SEARCH_PATHS = (
					"$(inherited)",
					"@executable_path/Frameworks",
				);
				MARKETING_VERSION = 1.0;
				PRODUCT_BUNDLE_IDENTIFIER = com.att.kramerjordan.Moonshot;
				PRODUCT_NAME = "$(TARGET_NAME)";
				SWIFT_EMIT_LOC_STRINGS = YES;
				SWIFT_VERSION = 5.0;
				TARGETED_DEVICE_FAMILY = "1,2";
			};
			name = Release;
		};
/* End XCBuildConfiguration section */

/* Begin XCConfigurationList section */
		B650CFF7289033CC00300C9A /* Build configuration list for PBXProject "Moonshot" */ = {
			isa = XCConfigurationList;
			buildConfigurations = (
				B650D008289033CE00300C9A /* Debug */,
				B650D009289033CE00300C9A /* Release */,
			);
			defaultConfigurationIsVisible = 0;
			defaultConfigurationName = Release;
		};
		B650D00A289033CE00300C9A /* Build configuration list for PBXNativeTarget "Moonshot" */ = {
			isa = XCConfigurationList;
			buildConfigurations = (
				B650D00B289033CE00300C9A /* Debug */,
				B650D00C289033CE00300C9A /* Release */,
			);
			defaultConfigurationIsVisible = 0;
			defaultConfigurationName = Release;
		};
/* End XCConfigurationList section */
	};
	rootObject = B650CFF4289033CC00300C9A /* Project object */;
}
